
Microsoft Visual Studio Solution File, Format Version 12.00
# Visual Studio Version 16
VisualStudioVersion = 16.0.31410.357
MinimumVisualStudioVersion = 10.0.40219.1
Project("{FAE04EC0-301F-11D3-BF4B-00C04F79EFBC}") = "Адовые коды №14 (Практическая работа намбер фортин)", "Адовые коды №14 (Практическая работа намбер фортин)\Адовые коды №14 (Практическая работа намбер фортин).csproj", "{BAF16DEC-2677-42FD-9C1D-B202A8E90A41}"
EndProject
Global
	GlobalSection(SolutionConfigurationPlatforms) = preSolution
		Debug|Any CPU = Debug|Any CPU
		Release|Any CPU = Release|Any CPU
	EndGlobalSection
	GlobalSection(ProjectConfigurationPlatforms) = postSolution
		{BAF16DEC-2677-42FD-9C1D-B202A8E90A41}.Debug|Any CPU.ActiveCfg = Debug|Any CPU
		{BAF16DEC-2677-42FD-9C1D-B202A8E90A41}.Debug|Any CPU.Build.0 = Debug|Any CPU
		{BAF16DEC-2677-42FD-9C1D-B202A8E90A41}.Release|Any CPU.ActiveCfg = Release|Any CPU
		{BAF16DEC-2677-42FD-9C1D-B202A8E90A41}.Release|Any CPU.Build.0 = Release|Any CPU
	EndGlobalSection
	GlobalSection(SolutionProperties) = preSolution
		HideSolutionNode = FALSE
	EndGlobalSection
	GlobalSection(ExtensibilityGlobals) = postSolution
		SolutionGuid = {8108E7E5-EAC1-4B8A-8268-8B5F90498078}
	EndGlobalSection
EndGlobal
