
Microsoft Visual Studio Solution File, Format Version 12.00
# Visual Studio Version 16
VisualStudioVersion = 16.0.31410.357
MinimumVisualStudioVersion = 10.0.40219.1
Project("{FAE04EC0-301F-11D3-BF4B-00C04F79EFBC}") = "Адовые коды №14 (Практическая намбер фортин) v2.0", "Адовые коды №14 (Практическая намбер фортин) v2.0\Адовые коды №14 (Практическая намбер фортин) v2.0.csproj", "{A6C1C764-D10A-4984-A003-E6AB36FB1688}"
EndProject
Global
	GlobalSection(SolutionConfigurationPlatforms) = preSolution
		Debug|Any CPU = Debug|Any CPU
		Release|Any CPU = Release|Any CPU
	EndGlobalSection
	GlobalSection(ProjectConfigurationPlatforms) = postSolution
		{A6C1C764-D10A-4984-A003-E6AB36FB1688}.Debug|Any CPU.ActiveCfg = Debug|Any CPU
		{A6C1C764-D10A-4984-A003-E6AB36FB1688}.Debug|Any CPU.Build.0 = Debug|Any CPU
		{A6C1C764-D10A-4984-A003-E6AB36FB1688}.Release|Any CPU.ActiveCfg = Release|Any CPU
		{A6C1C764-D10A-4984-A003-E6AB36FB1688}.Release|Any CPU.Build.0 = Release|Any CPU
	EndGlobalSection
	GlobalSection(SolutionProperties) = preSolution
		HideSolutionNode = FALSE
	EndGlobalSection
	GlobalSection(ExtensibilityGlobals) = postSolution
		SolutionGuid = {163C70E4-1D07-4101-9B18-1F1F8AF01291}
	EndGlobalSection
EndGlobal
